
Microsoft Visual Studio Solution File, Format Version 12.00
# Visual Studio Version 17
VisualStudioVersion = 17.10.35122.118
MinimumVisualStudioVersion = 10.0.40219.1
Project("{FAE04EC0-301F-11D3-BF4B-00C04F79EFBC}") = "Ejercico3", "Ejercico3.csproj", "{A775B53B-AE60-4862-BFC3-CB842FC14479}"
EndProject
Global
	GlobalSection(SolutionConfigurationPlatforms) = preSolution
		Debug|Any CPU = Debug|Any CPU
		Release|Any CPU = Release|Any CPU
	EndGlobalSection
	GlobalSection(ProjectConfigurationPlatforms) = postSolution
		{A775B53B-AE60-4862-BFC3-CB842FC14479}.Debug|Any CPU.ActiveCfg = Debug|Any CPU
		{A775B53B-AE60-4862-BFC3-CB842FC14479}.Debug|Any CPU.Build.0 = Debug|Any CPU
		{A775B53B-AE60-4862-BFC3-CB842FC14479}.Release|Any CPU.ActiveCfg = Release|Any CPU
		{A775B53B-AE60-4862-BFC3-CB842FC14479}.Release|Any CPU.Build.0 = Release|Any CPU
	EndGlobalSection
	GlobalSection(SolutionProperties) = preSolution
		HideSolutionNode = FALSE
	EndGlobalSection
	GlobalSection(ExtensibilityGlobals) = postSolution
		SolutionGuid = {32723F31-96F8-40DD-850E-37D07D711EC9}
	EndGlobalSection
EndGlobal
